
Microsoft Visual Studio Solution File, Format Version 12.00
# Visual Studio 2012
Project("{FAE04EC0-301F-11D3-BF4B-00C04F79EFBC}") = "MongoJobScheduler", "MongoJobScheduler\MongoJobScheduler.csproj", "{1AA02BAA-9D0F-4C79-B452-2FD73220CE4C}"
EndProject
Project("{FAE04EC0-301F-11D3-BF4B-00C04F79EFBC}") = "Infrastructure", "Infrastructure\Infrastructure.csproj", "{ABCA7B9F-1857-4BC1-AD79-CE12F3B803B0}"
EndProject
Global
	GlobalSection(SolutionConfigurationPlatforms) = preSolution
		Debug|Any CPU = Debug|Any CPU
		Release|Any CPU = Release|Any CPU
	EndGlobalSection
	GlobalSection(ProjectConfigurationPlatforms) = postSolution
		{1AA02BAA-9D0F-4C79-B452-2FD73220CE4C}.Debug|Any CPU.ActiveCfg = Debug|Any CPU
		{1AA02BAA-9D0F-4C79-B452-2FD73220CE4C}.Debug|Any CPU.Build.0 = Debug|Any CPU
		{1AA02BAA-9D0F-4C79-B452-2FD73220CE4C}.Release|Any CPU.ActiveCfg = Release|Any CPU
		{1AA02BAA-9D0F-4C79-B452-2FD73220CE4C}.Release|Any CPU.Build.0 = Release|Any CPU
		{ABCA7B9F-1857-4BC1-AD79-CE12F3B803B0}.Debug|Any CPU.ActiveCfg = Debug|Any CPU
		{ABCA7B9F-1857-4BC1-AD79-CE12F3B803B0}.Debug|Any CPU.Build.0 = Debug|Any CPU
		{ABCA7B9F-1857-4BC1-AD79-CE12F3B803B0}.Release|Any CPU.ActiveCfg = Release|Any CPU
		{ABCA7B9F-1857-4BC1-AD79-CE12F3B803B0}.Release|Any CPU.Build.0 = Release|Any CPU
	EndGlobalSection
	GlobalSection(SolutionProperties) = preSolution
		HideSolutionNode = FALSE
	EndGlobalSection
EndGlobal
